
Microsoft Visual Studio Solution File, Format Version 12.00
# Visual Studio 15
VisualStudioVersion = 15.0.28307.1000
MinimumVisualStudioVersion = 10.0.40219.1
Project("{8BC9CEB8-8B4A-11D0-8D11-00A0C91BC942}") = "ConsoleGame", "ConsoleGame.vcxproj", "{03AFC76F-B17C-4F61-A70D-9A817BE474E4}"
EndProject
Global
	GlobalSection(SolutionConfigurationPlatforms) = preSolution
		Debug|x64 = Debug|x64
		Debug|x86 = Debug|x86
		Release|x64 = Release|x64
		Release|x86 = Release|x86
	EndGlobalSection
	GlobalSection(ProjectConfigurationPlatforms) = postSolution
		{03AFC76F-B17C-4F61-A70D-9A817BE474E4}.Debug|x64.ActiveCfg = Debug|x64
		{03AFC76F-B17C-4F61-A70D-9A817BE474E4}.Debug|x64.Build.0 = Debug|x64
		{03AFC76F-B17C-4F61-A70D-9A817BE474E4}.Debug|x86.ActiveCfg = Debug|Win32
		{03AFC76F-B17C-4F61-A70D-9A817BE474E4}.Debug|x86.Build.0 = Debug|Win32
		{03AFC76F-B17C-4F61-A70D-9A817BE474E4}.Release|x64.ActiveCfg = Release|x64
		{03AFC76F-B17C-4F61-A70D-9A817BE474E4}.Release|x64.Build.0 = Release|x64
		{03AFC76F-B17C-4F61-A70D-9A817BE474E4}.Release|x86.ActiveCfg = Release|Win32
		{03AFC76F-B17C-4F61-A70D-9A817BE474E4}.Release|x86.Build.0 = Release|Win32
	EndGlobalSection
	GlobalSection(SolutionProperties) = preSolution
		HideSolutionNode = FALSE
	EndGlobalSection
	GlobalSection(ExtensibilityGlobals) = postSolution
		SolutionGuid = {757E09FE-4C8F-45FF-A922-82C4CC1A6A2E}
	EndGlobalSection
EndGlobal
